Microsoft Visual Studio Solution File, Format Version 11.00
# Visual Studio 2008

Project("{1B7F28DD-4D01-A9FF-A1AD-AC57F15089DC}") = "HiddenObject", "Assembly-CSharp.csproj", "{C820C5BD-4ABD-872E-5072-26FD1EFDF453}"
EndProject
Global
	GlobalSection(SolutionConfigurationPlatforms) = preSolution
		Debug|Any CPU = Debug|Any CPU
		Release|Any CPU = Release|Any CPU
	EndGlobalSection
	GlobalSection(ProjectConfigurationPlatforms) = postSolution
		{C820C5BD-4ABD-872E-5072-26FD1EFDF453}.Debug|Any CPU.ActiveCfg = Debug|Any CPU
		{C820C5BD-4ABD-872E-5072-26FD1EFDF453}.Debug|Any CPU.Build.0 = Debug|Any CPU
		{C820C5BD-4ABD-872E-5072-26FD1EFDF453}.Release|Any CPU.ActiveCfg = Release|Any CPU
		{C820C5BD-4ABD-872E-5072-26FD1EFDF453}.Release|Any CPU.Build.0 = Release|Any CPU
	EndGlobalSection
	GlobalSection(SolutionProperties) = preSolution
		HideSolutionNode = FALSE
	EndGlobalSection
								GlobalSection(MonoDevelopProperties) = preSolution
		StartupItem = Assembly-CSharp.csproj
		Policies = $0
		$0.TextStylePolicy = $1
		$1.inheritsSet = null
		$1.scope = text/x-csharp
		$0.CSharpFormattingPolicy = $2
		$2.inheritsSet = Mono
		$2.inheritsScope = text/x-csharp
		$2.scope = text/x-csharp
		$0.TextStylePolicy = $3
		$3.FileWidth = 120
		$3.TabWidth = 4
		$3.EolMarker = Unix
		$3.inheritsSet = Mono
		$3.inheritsScope = text/plain
		$3.scope = text/plain
	EndGlobalSection

EndGlobal
